hash: 90e6495f0d00034e52fc06fe3f86fd35cfbca9c43a61395f6c08d21ae9f833ef
updated: 2017-06-04T19:38:14.132527535+01:00
imports:
- name: github.com/alexbrainman/winapi
  version: c959b37223f62e4581a4a58da7816cf962aeb906
- name: github.com/cheggaaa/pb
  version: f6ccf2184de4dd34495277e38dc19b6e7fbe0ea2
- name: github.com/golang/snappy
  version: 553a641470496b2327abcac10b36396bd98e45c9
- name: github.com/Jeffail/gabs
  version: 2a3aa15961d5fee6047b8151b67ac2f08ba2c48c
- name: github.com/libeclipse/memguard
  version: 4c4ecbc526cb5a5d7822051b00e082e0a647f89e
  subpackages:
  - memcall
- name: github.com/mattn/go-runewidth
  version: 14207d285c6c197daabb5c9793d63e7af9ab2d50
- name: github.com/syndtr/goleveldb
  version: 3c5717caf1475fd25964109a0fc640bd150fce43
  subpackages:
  - leveldb
  - leveldb/cache
  - leveldb/comparer
  - leveldb/errors
  - leveldb/filter
  - leveldb/iterator
  - leveldb/journal
  - leveldb/memdb
  - leveldb/opt
  - leveldb/storage
  - leveldb/table
  - leveldb/util
- name: golang.org/x/crypto
  version: dc137beb6cce2043eb6b5f223ab8bf51c32459f4
  subpackages:
  - blake2b
  - nacl/secretbox
  - pbkdf2
  - poly1305
  - salsa20/salsa
  - scrypt
  - ssh/terminal
- name: golang.org/x/sys
  version: e24f485414aeafb646f6fca458b0bf869c0880a1
  subpackages:
  - unix
  - windows
testImports: []
